// !$*UTF8*$!
{
	archiveVersion = 1;
	classes = {
	};
	objectVersion = 48;
	objects = {

/* Begin PBXBuildFile section */
		48676B6EE84F8491A3571B6B /* Pods_What.framework in Frameworks */ = {isa = PBXBuildFile; fileRef = 2B3796B82661FF5AF845F272 /* Pods_What.framework */; };
		BE27E9641FE5ED1D0031AB46 /* WikiAPIManager.swift in Sources */ = {isa = PBXBuildFile; fileRef = BE27E9631FE5ED1D0031AB46 /* WikiAPIManager.swift */; };
		BE99753E1FE4BB5800AF8E2B /* PhotoViewController.swift in Sources */ = {isa = PBXBuildFile; fileRef = BE99753D1FE4BB5800AF8E2B /* PhotoViewController.swift */; };
		BE9975401FE5075100AF8E2B /* PhotoIDViewController.swift in Sources */ = {isa = PBXBuildFile; fileRef = BE99753F1FE5075100AF8E2B /* PhotoIDViewController.swift */; };
		BED58F6F1FE3A72F006A4E6D /* AppDelegate.swift in Sources */ = {isa = PBXBuildFile; fileRef = BED58F6E1FE3A72F006A4E6D /* AppDelegate.swift */; };
		BED58F741FE3A72F006A4E6D /* Main.storyboard in Resources */ = {isa = PBXBuildFile; fileRef = BED58F721FE3A72F006A4E6D /* Main.storyboard */; };
		BED58F761FE3A72F006A4E6D /* Assets.xcassets in Resources */ = {isa = PBXBuildFile; fileRef = BED58F751FE3A72F006A4E6D /* Assets.xcassets */; };
		BED58F791FE3A72F006A4E6D /* LaunchScreen.storyboard in Resources */ = {isa = PBXBuildFile; fileRef = BED58F771FE3A72F006A4E6D /* LaunchScreen.storyboard */; };
		BED58F841FE3A72F006A4E6D /* WhatTests.swift in Sources */ = {isa = PBXBuildFile; fileRef = BED58F831FE3A72F006A4E6D /* WhatTests.swift */; };
		BED58F8F1FE3A72F006A4E6D /* WhatUITests.swift in Sources */ = {isa = PBXBuildFile; fileRef = BED58F8E1FE3A72F006A4E6D /* WhatUITests.swift */; };
		BED58F9D1FE3A822006A4E6D /* MenuViewController.swift in Sources */ = {isa = PBXBuildFile; fileRef = BED58F9C1FE3A822006A4E6D /* MenuViewController.swift */; };
		BEE20D4D1FE4BA5800CD8C80 /* squareStruct.swift in Sources */ = {isa = PBXBuildFile; fileRef = BEE20D4C1FE4BA5800CD8C80 /* squareStruct.swift */; };
		BEE20D4F1FE4BA7E00CD8C80 /* GoogleVision.swift in Sources */ = {isa = PBXBuildFile; fileRef = BEE20D4E1FE4BA7E00CD8C80 /* GoogleVision.swift */; };
		BEE20D511FE4BA9B00CD8C80 /* Favourite.swift in Sources */ = {isa = PBXBuildFile; fileRef = BEE20D501FE4BA9B00CD8C80 /* Favourite.swift */; };
		BEE20D531FE4BAD700CD8C80 /* GoogleVisionAPIManager.swift in Sources */ = {isa = PBXBuildFile; fileRef = BEE20D521FE4BAD700CD8C80 /* GoogleVisionAPIManager.swift */; };
/* End PBXBuildFile section */

/* Begin PBXContainerItemProxy section */
		BED58F801FE3A72F006A4E6D /* PBXContainerItemProxy */ = {
			isa = PBXContainerItemProxy;
			containerPortal = BED58F631FE3A72F006A4E6D /* Project object */;
			proxyType = 1;
			remoteGlobalIDString = BED58F6A1FE3A72F006A4E6D;
			remoteInfo = What;
		};
		BED58F8B1FE3A72F006A4E6D /* PBXContainerItemProxy */ = {
			isa = PBXContainerItemProxy;
			containerPortal = BED58F631FE3A72F006A4E6D /* Project object */;
			proxyType = 1;
			remoteGlobalIDString = BED58F6A1FE3A72F006A4E6D;
			remoteInfo = What;
		};
/* End PBXContainerItemProxy section */

/* Begin PBXFileReference section */
		2B3796B82661FF5AF845F272 /* Pods_What.framework */ = {isa = PBXFileReference; explicitFileType = wrapper.framework; includeInIndex = 0; path = Pods_What.framework; sourceTree = BUILT_PRODUCTS_DIR; };
		682C7520877870BC98A9CD1C /* Pods-What.release.xcconfig */ = {isa = PBXFileReference; includeInIndex = 1; lastKnownFileType = text.xcconfig; name = "Pods-What.release.xcconfig"; path = "Pods/Target Support Files/Pods-What/Pods-What.release.xcconfig"; sourceTree = "<group>"; };
		BE27E9631FE5ED1D0031AB46 /* WikiAPIManager.swift */ = {isa = PBXFileReference; lastKnownFileType = sourcecode.swift; path = WikiAPIManager.swift; sourceTree = "<group>"; };
		BE99753D1FE4BB5800AF8E2B /* PhotoViewController.swift */ = {isa = PBXFileReference; lastKnownFileType = sourcecode.swift; path = PhotoViewController.swift; sourceTree = "<group>"; };
		BE99753F1FE5075100AF8E2B /* PhotoIDViewController.swift */ = {isa = PBXFileReference; lastKnownFileType = sourcecode.swift; path = PhotoIDViewController.swift; sourceTree = "<group>"; };
		BED58F6B1FE3A72F006A4E6D /* What.app */ = {isa = PBXFileReference; explicitFileType = wrapper.application; includeInIndex = 0; path = What.app; sourceTree = BUILT_PRODUCTS_DIR; };
		BED58F6E1FE3A72F006A4E6D /* AppDelegate.swift */ = {isa = PBXFileReference; lastKnownFileType = sourcecode.swift; path = AppDelegate.swift; sourceTree = "<group>"; };
		BED58F731FE3A72F006A4E6D /* Base */ = {isa = PBXFileReference; lastKnownFileType = file.storyboard; name = Base; path = Base.lproj/Main.storyboard; sourceTree = "<group>"; };
		BED58F751FE3A72F006A4E6D /* Assets.xcassets */ = {isa = PBXFileReference; lastKnownFileType = folder.assetcatalog; path = Assets.xcassets; sourceTree = "<group>"; };
		BED58F781FE3A72F006A4E6D /* Base */ = {isa = PBXFileReference; lastKnownFileType = file.storyboard; name = Base; path = Base.lproj/LaunchScreen.storyboard; sourceTree = "<group>"; };
		BED58F7A1FE3A72F006A4E6D /* Info.plist */ = {isa = PBXFileReference; lastKnownFileType = text.plist.xml; path = Info.plist; sourceTree = "<group>"; };
		BED58F7F1FE3A72F006A4E6D /* WhatTests.xctest */ = {isa = PBXFileReference; explicitFileType = wrapper.cfbundle; includeInIndex = 0; path = WhatTests.xctest; sourceTree = BUILT_PRODUCTS_DIR; };
		BED58F831FE3A72F006A4E6D /* WhatTests.swift */ = {isa = PBXFileReference; lastKnownFileType = sourcecode.swift; path = WhatTests.swift; sourceTree = "<group>"; };
		BED58F851FE3A72F006A4E6D /* Info.plist */ = {isa = PBXFileReference; lastKnownFileType = text.plist.xml; path = Info.plist; sourceTree = "<group>"; };
		BED58F8A1FE3A72F006A4E6D /* WhatUITests.xctest */ = {isa = PBXFileReference; explicitFileType = wrapper.cfbundle; includeInIndex = 0; path = WhatUITests.xctest; sourceTree = BUILT_PRODUCTS_DIR; };
		BED58F8E1FE3A72F006A4E6D /* WhatUITests.swift */ = {isa = PBXFileReference; lastKnownFileType = sourcecode.swift; path = WhatUITests.swift; sourceTree = "<group>"; };
		BED58F901FE3A72F006A4E6D /* Info.plist */ = {isa = PBXFileReference; lastKnownFileType = text.plist.xml; path = Info.plist; sourceTree = "<group>"; };
		BED58F9C1FE3A822006A4E6D /* MenuViewController.swift */ = {isa = PBXFileReference; lastKnownFileType = sourcecode.swift; path = MenuViewController.swift; sourceTree = "<group>"; };
		BEE20D4C1FE4BA5800CD8C80 /* squareStruct.swift */ = {isa = PBXFileReference; lastKnownFileType = sourcecode.swift; path = squareStruct.swift; sourceTree = "<group>"; };
		BEE20D4E1FE4BA7E00CD8C80 /* GoogleVision.swift */ = {isa = PBXFileReference; lastKnownFileType = sourcecode.swift; path = GoogleVision.swift; sourceTree = "<group>"; };
		BEE20D501FE4BA9B00CD8C80 /* Favourite.swift */ = {isa = PBXFileReference; lastKnownFileType = sourcecode.swift; path = Favourite.swift; sourceTree = "<group>"; };
		BEE20D521FE4BAD700CD8C80 /* GoogleVisionAPIManager.swift */ = {isa = PBXFileReference; lastKnownFileType = sourcecode.swift; path = GoogleVisionAPIManager.swift; sourceTree = "<group>"; };
		EEFD1203D74AA29835CF8ED2 /* Pods-What.debug.xcconfig */ = {isa = PBXFileReference; includeInIndex = 1; lastKnownFileType = text.xcconfig; name = "Pods-What.debug.xcconfig"; path = "Pods/Target Support Files/Pods-What/Pods-What.debug.xcconfig"; sourceTree = "<group>"; };
/* End PBXFileReference section */

/* Begin PBXFrameworksBuildPhase section */
		BED58F681FE3A72F006A4E6D /* Frameworks */ = {
			isa = PBXFrameworksBuildPhase;
			buildActionMask = 2147483647;
			files = (
				48676B6EE84F8491A3571B6B /* Pods_What.framework in Frameworks */,
			);
			runOnlyForDeploymentPostprocessing = 0;
		};
		BED58F7C1FE3A72F006A4E6D /* Frameworks */ = {
			isa = PBXFrameworksBuildPhase;
			buildActionMask = 2147483647;
			files = (
			);
			runOnlyForDeploymentPostprocessing = 0;
		};
		BED58F871FE3A72F006A4E6D /* Frameworks */ = {
			isa = PBXFrameworksBuildPhase;
			buildActionMask = 2147483647;
			files = (
			);
			runOnlyForDeploymentPostprocessing = 0;
		};
/* End PBXFrameworksBuildPhase section */

/* Begin PBXGroup section */
		7ABC55BE33512C4EC56F7A12 /* Pods */ = {
			isa = PBXGroup;
			children = (
				EEFD1203D74AA29835CF8ED2 /* Pods-What.debug.xcconfig */,
				682C7520877870BC98A9CD1C /* Pods-What.release.xcconfig */,
			);
			name = Pods;
			sourceTree = "<group>";
		};
		BED58F621FE3A72F006A4E6D = {
			isa = PBXGroup;
			children = (
				BED58F6D1FE3A72F006A4E6D /* What */,
				BED58F821FE3A72F006A4E6D /* WhatTests */,
				BED58F8D1FE3A72F006A4E6D /* WhatUITests */,
				BED58F6C1FE3A72F006A4E6D /* Products */,
				7ABC55BE33512C4EC56F7A12 /* Pods */,
				FD6FFE0EBE47793556F102BB /* Frameworks */,
			);
			sourceTree = "<group>";
		};
		BED58F6C1FE3A72F006A4E6D /* Products */ = {
			isa = PBXGroup;
			children = (
				BED58F6B1FE3A72F006A4E6D /* What.app */,
				BED58F7F1FE3A72F006A4E6D /* WhatTests.xctest */,
				BED58F8A1FE3A72F006A4E6D /* WhatUITests.xctest */,
			);
			name = Products;
			sourceTree = "<group>";
		};
		BED58F6D1FE3A72F006A4E6D /* What */ = {
			isa = PBXGroup;
			children = (
				BEE20D451FE4A29D00CD8C80 /* New Group */,
				BED58F6E1FE3A72F006A4E6D /* AppDelegate.swift */,
				BED58F751FE3A72F006A4E6D /* Assets.xcassets */,
				BED58F7A1FE3A72F006A4E6D /* Info.plist */,
			);
			path = What;
			sourceTree = "<group>";
		};
		BED58F821FE3A72F006A4E6D /* WhatTests */ = {
			isa = PBXGroup;
			children = (
				BED58F831FE3A72F006A4E6D /* WhatTests.swift */,
				BED58F851FE3A72F006A4E6D /* Info.plist */,
			);
			path = WhatTests;
			sourceTree = "<group>";
		};
		BED58F8D1FE3A72F006A4E6D /* WhatUITests */ = {
			isa = PBXGroup;
			children = (
				BED58F8E1FE3A72F006A4E6D /* WhatUITests.swift */,
				BED58F901FE3A72F006A4E6D /* Info.plist */,
			);
			path = WhatUITests;
			sourceTree = "<group>";
		};
		BEE20D451FE4A29D00CD8C80 /* New Group */ = {
			isa = PBXGroup;
			children = (
				BEE20D4A1FE4BA1C00CD8C80 /* Utils */,
				BEE20D481FE4BA0100CD8C80 /* Models */,
				BEE20D471FE4B9F700CD8C80 /* Views */,
				BEE20D461FE4B9E000CD8C80 /* ViewController */,
			);
			path = "New Group";
			sourceTree = "<group>";
		};
		BEE20D461FE4B9E000CD8C80 /* ViewController */ = {
			isa = PBXGroup;
			children = (
				BED58F9C1FE3A822006A4E6D /* MenuViewController.swift */,
				BE99753D1FE4BB5800AF8E2B /* PhotoViewController.swift */,
				BE99753F1FE5075100AF8E2B /* PhotoIDViewController.swift */,
			);
			path = ViewController;
			sourceTree = "<group>";
		};
		BEE20D471FE4B9F700CD8C80 /* Views */ = {
			isa = PBXGroup;
			children = (
				BED58F721FE3A72F006A4E6D /* Main.storyboard */,
				BED58F771FE3A72F006A4E6D /* LaunchScreen.storyboard */,
			);
			path = Views;
			sourceTree = "<group>";
		};
		BEE20D481FE4BA0100CD8C80 /* Models */ = {
			isa = PBXGroup;
			children = (
				BEE20D4B1FE4BA3B00CD8C80 /* Codable */,
				BEE20D4E1FE4BA7E00CD8C80 /* GoogleVision.swift */,
			);
			path = Models;
			sourceTree = "<group>";
		};
		BEE20D4A1FE4BA1C00CD8C80 /* Utils */ = {
			isa = PBXGroup;
			children = (
				BEE20D521FE4BAD700CD8C80 /* GoogleVisionAPIManager.swift */,
				BE27E9631FE5ED1D0031AB46 /* WikiAPIManager.swift */,
			);
			path = Utils;
			sourceTree = "<group>";
		};
		BEE20D4B1FE4BA3B00CD8C80 /* Codable */ = {
			isa = PBXGroup;
			children = (
				BEE20D4C1FE4BA5800CD8C80 /* squareStruct.swift */,
				BEE20D501FE4BA9B00CD8C80 /* Favourite.swift */,
			);
			path = Codable;
			sourceTree = "<group>";
		};
		FD6FFE0EBE47793556F102BB /* Frameworks */ = {
			isa = PBXGroup;
			children = (
				2B3796B82661FF5AF845F272 /* Pods_What.framework */,
			);
			name = Frameworks;
			sourceTree = "<group>";
		};
/* End PBXGroup section */

/* Begin PBXNativeTarget section */
		BED58F6A1FE3A72F006A4E6D /* What */ = {
			isa = PBXNativeTarget;
			buildConfigurationList = BED58F931FE3A72F006A4E6D /* Build configuration list for PBXNativeTarget "What" */;
			buildPhases = (
				D7A5553C6F7E393BFF5F2569 /* [CP] Check Pods Manifest.lock */,
				BED58F671FE3A72F006A4E6D /* Sources */,
				BED58F681FE3A72F006A4E6D /* Frameworks */,
				BED58F691FE3A72F006A4E6D /* Resources */,
				92788124A820DA6ADD7EE19D /* [CP] Embed Pods Frameworks */,
				6350012F79E74845DA0FECDB /* [CP] Copy Pods Resources */,
			);
			buildRules = (
			);
			dependencies = (
			);
			name = What;
			productName = What;
			productReference = BED58F6B1FE3A72F006A4E6D /* What.app */;
			productType = "com.apple.product-type.application";
		};
		BED58F7E1FE3A72F006A4E6D /* WhatTests */ = {
			isa = PBXNativeTarget;
			buildConfigurationList = BED58F961FE3A72F006A4E6D /* Build configuration list for PBXNativeTarget "WhatTests" */;
			buildPhases = (
				BED58F7B1FE3A72F006A4E6D /* Sources */,
				BED58F7C1FE3A72F006A4E6D /* Frameworks */,
				BED58F7D1FE3A72F006A4E6D /* Resources */,
			);
			buildRules = (
			);
			dependencies = (
				BED58F811FE3A72F006A4E6D /* PBXTargetDependency */,
			);
			name = WhatTests;
			productName = WhatTests;
			productReference = BED58F7F1FE3A72F006A4E6D /* WhatTests.xctest */;
			productType = "com.apple.product-type.bundle.unit-test";
		};
		BED58F891FE3A72F006A4E6D /* WhatUITests */ = {
			isa = PBXNativeTarget;
			buildConfigurationList = BED58F991FE3A72F006A4E6D /* Build configuration list for PBXNativeTarget "WhatUITests" */;
			buildPhases = (
				BED58F861FE3A72F006A4E6D /* Sources */,
				BED58F871FE3A72F006A4E6D /* Frameworks */,
				BED58F881FE3A72F006A4E6D /* Resources */,
			);
			buildRules = (
			);
			dependencies = (
				BED58F8C1FE3A72F006A4E6D /* PBXTargetDependency */,
			);
			name = WhatUITests;
			productName = WhatUITests;
			productReference = BED58F8A1FE3A72F006A4E6D /* WhatUITests.xctest */;
			productType = "com.apple.product-type.bundle.ui-testing";
		};
/* End PBXNativeTarget section */

/* Begin PBXProject section */
		BED58F631FE3A72F006A4E6D /* Project object */ = {
			isa = PBXProject;
			attributes = {
				LastSwiftUpdateCheck = 0920;
				LastUpgradeCheck = 0920;
				ORGANIZATIONNAME = Will;
				TargetAttributes = {
					BED58F6A1FE3A72F006A4E6D = {
						CreatedOnToolsVersion = 9.2;
						ProvisioningStyle = Automatic;
					};
					BED58F7E1FE3A72F006A4E6D = {
						CreatedOnToolsVersion = 9.2;
						ProvisioningStyle = Automatic;
						TestTargetID = BED58F6A1FE3A72F006A4E6D;
					};
					BED58F891FE3A72F006A4E6D = {
						CreatedOnToolsVersion = 9.2;
						ProvisioningStyle = Automatic;
						TestTargetID = BED58F6A1FE3A72F006A4E6D;
					};
				};
			};
			buildConfigurationList = BED58F661FE3A72F006A4E6D /* Build configuration list for PBXProject "What" */;
			compatibilityVersion = "Xcode 8.0";
			developmentRegion = en;
			hasScannedForEncodings = 0;
			knownRegions = (
				en,
				Base,
			);
			mainGroup = BED58F621FE3A72F006A4E6D;
			productRefGroup = BED58F6C1FE3A72F006A4E6D /* Products */;
			projectDirPath = "";
			projectRoot = "";
			targets = (
				BED58F6A1FE3A72F006A4E6D /* What */,
				BED58F7E1FE3A72F006A4E6D /* WhatTests */,
				BED58F891FE3A72F006A4E6D /* WhatUITests */,
			);
		};
/* End PBXProject section */

/* Begin PBXResourcesBuildPhase section */
		BED58F691FE3A72F006A4E6D /* Resources */ = {
			isa = PBXResourcesBuildPhase;
			buildActionMask = 2147483647;
			files = (
				BED58F791FE3A72F006A4E6D /* LaunchScreen.storyboard in Resources */,
				BED58F761FE3A72F006A4E6D /* Assets.xcassets in Resources */,
				BED58F741FE3A72F006A4E6D /* Main.storyboard in Resources */,
			);
			runOnlyForDeploymentPostprocessing = 0;
		};
		BED58F7D1FE3A72F006A4E6D /* Resources */ = {
			isa = PBXResourcesBuildPhase;
			buildActionMask = 2147483647;
			files = (
			);
			runOnlyForDeploymentPostprocessing = 0;
		};
		BED58F881FE3A72F006A4E6D /* Resources */ = {
			isa = PBXResourcesBuildPhase;
			buildActionMask = 2147483647;
			files = (
			);
			runOnlyForDeploymentPostprocessing = 0;
		};
/* End PBXResourcesBuildPhase section */

/* Begin PBXShellScriptBuildPhase section */
		6350012F79E74845DA0FECDB /* [CP] Copy Pods Resources */ = {
			isa = PBXShellScriptBuildPhase;
			buildActionMask = 2147483647;
			files = (
			);
			inputPaths = (
			);
			name = "[CP] Copy Pods Resources";
			outputPaths = (
			);
			runOnlyForDeploymentPostprocessing = 0;
			shellPath = /bin/sh;
			shellScript = "\"${SRCROOT}/Pods/Target Support Files/Pods-What/Pods-What-resources.sh\"\n";
			showEnvVarsInLog = 0;
		};
		92788124A820DA6ADD7EE19D /* [CP] Embed Pods Frameworks */ = {
			isa = PBXShellScriptBuildPhase;
			buildActionMask = 2147483647;
			files = (
			);
			inputPaths = (
				"${SRCROOT}/Pods/Target Support Files/Pods-What/Pods-What-frameworks.sh",
				"${BUILT_PRODUCTS_DIR}/Alamofire/Alamofire.framework",
				"${BUILT_PRODUCTS_DIR}/BrightFutures/BrightFutures.framework",
				"${BUILT_PRODUCTS_DIR}/Result/Result.framework",
				"${BUILT_PRODUCTS_DIR}/SwiftyJSON/SwiftyJSON.framework",
			);
			name = "[CP] Embed Pods Frameworks";
			outputPaths = (
				"${TARGET_BUILD_DIR}/${FRAMEWORKS_FOLDER_PATH}/Alamofire.framework",
				"${TARGET_BUILD_DIR}/${FRAMEWORKS_FOLDER_PATH}/BrightFutures.framework",
				"${TARGET_BUILD_DIR}/${FRAMEWORKS_FOLDER_PATH}/Result.framework",
				"${TARGET_BUILD_DIR}/${FRAMEWORKS_FOLDER_PATH}/SwiftyJSON.framework",
			);
			runOnlyForDeploymentPostprocessing = 0;
			shellPath = /bin/sh;
			shellScript = "\"${SRCROOT}/Pods/Target Support Files/Pods-What/Pods-What-frameworks.sh\"\n";
			showEnvVarsInLog = 0;
		};
		D7A5553C6F7E393BFF5F2569 /* [CP] Check Pods Manifest.lock */ = {
			isa = PBXShellScriptBuildPhase;
			buildActionMask = 2147483647;
			files = (
			);
			inputPaths = (
				"${PODS_PODFILE_DIR_PATH}/Podfile.lock",
				"${PODS_ROOT}/Manifest.lock",
			);
			name = "[CP] Check Pods Manifest.lock";
			outputPaths = (
				"$(DERIVED_FILE_DIR)/Pods-What-checkManifestLockResult.txt",
			);
			runOnlyForDeploymentPostprocessing = 0;
			shellPath = /bin/sh;
			shellScript = "diff \"${PODS_PODFILE_DIR_PATH}/Podfile.lock\" \"${PODS_ROOT}/Manifest.lock\" > /dev/null\nif [ $? != 0 ] ; then\n    # print error to STDERR\n    echo \"error: The sandbox is not in sync with the Podfile.lock. Run 'pod install' or update your CocoaPods installation.\" >&2\n    exit 1\nfi\n# This output is used by Xcode 'outputs' to avoid re-running this script phase.\necho \"SUCCESS\" > \"${SCRIPT_OUTPUT_FILE_0}\"\n";
			showEnvVarsInLog = 0;
		};
/* End PBXShellScriptBuildPhase section */

/* Begin PBXSourcesBuildPhase section */
		BED58F671FE3A72F006A4E6D /* Sources */ = {
			isa = PBXSourcesBuildPhase;
			buildActionMask = 2147483647;
			files = (
				BEE20D511FE4BA9B00CD8C80 /* Favourite.swift in Sources */,
				BED58F9D1FE3A822006A4E6D /* MenuViewController.swift in Sources */,
				BE27E9641FE5ED1D0031AB46 /* WikiAPIManager.swift in Sources */,
				BED58F6F1FE3A72F006A4E6D /* AppDelegate.swift in Sources */,
				BEE20D4F1FE4BA7E00CD8C80 /* GoogleVision.swift in Sources */,
				BE9975401FE5075100AF8E2B /* PhotoIDViewController.swift in Sources */,
				BE99753E1FE4BB5800AF8E2B /* PhotoViewController.swift in Sources */,
				BEE20D4D1FE4BA5800CD8C80 /* squareStruct.swift in Sources */,
				BEE20D531FE4BAD700CD8C80 /* GoogleVisionAPIManager.swift in Sources */,
			);
			runOnlyForDeploymentPostprocessing = 0;
		};
		BED58F7B1FE3A72F006A4E6D /* Sources */ = {
			isa = PBXSourcesBuildPhase;
			buildActionMask = 2147483647;
			files = (
				BED58F841FE3A72F006A4E6D /* WhatTests.swift in Sources */,
			);
			runOnlyForDeploymentPostprocessing = 0;
		};
		BED58F861FE3A72F006A4E6D /* Sources */ = {
			isa = PBXSourcesBuildPhase;
			buildActionMask = 2147483647;
			files = (
				BED58F8F1FE3A72F006A4E6D /* WhatUITests.swift in Sources */,
			);
			runOnlyForDeploymentPostprocessing = 0;
		};
/* End PBXSourcesBuildPhase section */

/* Begin PBXTargetDependency section */
		BED58F811FE3A72F006A4E6D /* PBXTargetDependency */ = {
			isa = PBXTargetDependency;
			target = BED58F6A1FE3A72F006A4E6D /* What */;
			targetProxy = BED58F801FE3A72F006A4E6D /* PBXContainerItemProxy */;
		};
		BED58F8C1FE3A72F006A4E6D /* PBXTargetDependency */ = {
			isa = PBXTargetDependency;
			target = BED58F6A1FE3A72F006A4E6D /* What */;
			targetProxy = BED58F8B1FE3A72F006A4E6D /* PBXContainerItemProxy */;
		};
/* End PBXTargetDependency section */

/* Begin PBXVariantGroup section */
		BED58F721FE3A72F006A4E6D /* Main.storyboard */ = {
			isa = PBXVariantGroup;
			children = (
				BED58F731FE3A72F006A4E6D /* Base */,
			);
			name = Main.storyboard;
			sourceTree = "<group>";
		};
		BED58F771FE3A72F006A4E6D /* LaunchScreen.storyboard */ = {
			isa = PBXVariantGroup;
			children = (
				BED58F781FE3A72F006A4E6D /* Base */,
			);
			name = LaunchScreen.storyboard;
			sourceTree = "<group>";
		};
/* End PBXVariantGroup section */

/* Begin XCBuildConfiguration section */
		BED58F911FE3A72F006A4E6D /* Debug */ = {
			isa = XCBuildConfiguration;
			buildSettings = {
				ALWAYS_SEARCH_USER_PATHS = NO;
				CLANG_ANALYZER_NONNULL = YES;
				CLANG_ANALYZER_NUMBER_OBJECT_CONVERSION = YES_AGGRESSIVE;
				CLANG_CXX_LANGUAGE_STANDARD = "gnu++14";
				CLANG_CXX_LIBRARY = "libc++";
				CLANG_ENABLE_MODULES = YES;
				CLANG_ENABLE_OBJC_ARC = YES;
				CLANG_WARN_BLOCK_CAPTURE_AUTORELEASING = YES;
				CLANG_WARN_BOOL_CONVERSION = YES;
				CLANG_WARN_COMMA = YES;
				CLANG_WARN_CONSTANT_CONVERSION = YES;
				CLANG_WARN_DIRECT_OBJC_ISA_USAGE = YES_ERROR;
				CLANG_WARN_DOCUMENTATION_COMMENTS = YES;
				CLANG_WARN_EMPTY_BODY = YES;
				CLANG_WARN_ENUM_CONVERSION = YES;
				CLANG_WARN_INFINITE_RECURSION = YES;
				CLANG_WARN_INT_CONVERSION = YES;
				CLANG_WARN_NON_LITERAL_NULL_CONVERSION = YES;
				CLANG_WARN_OBJC_LITERAL_CONVERSION = YES;
				CLANG_WARN_OBJC_ROOT_CLASS = YES_ERROR;
				CLANG_WARN_RANGE_LOOP_ANALYSIS = YES;
				CLANG_WARN_STRICT_PROTOTYPES = YES;
				CLANG_WARN_SUSPICIOUS_MOVE = YES;
				CLANG_WARN_UNGUARDED_AVAILABILITY = YES_AGGRESSIVE;
				CLANG_WARN_UNREACHABLE_CODE = YES;
				CLANG_WARN__DUPLICATE_METHOD_MATCH = YES;
				CODE_SIGN_IDENTITY = "iPhone Developer";
				COPY_PHASE_STRIP = NO;
				DEBUG_INFORMATION_FORMAT = dwarf;
				ENABLE_STRICT_OBJC_MSGSEND = YES;
				ENABLE_TESTABILITY = YES;
				GCC_C_LANGUAGE_STANDARD = gnu11;
				GCC_DYNAMIC_NO_PIC = NO;
				GCC_NO_COMMON_BLOCKS = YES;
				GCC_OPTIMIZATION_LEVEL = 0;
				GCC_PREPROCESSOR_DEFINITIONS = (
					"DEBUG=1",
					"$(inherited)",
				);
				GCC_WARN_64_TO_32_BIT_CONVERSION = YES;
				GCC_WARN_ABOUT_RETURN_TYPE = YES_ERROR;
				GCC_WARN_UNDECLARED_SELECTOR = YES;
				GCC_WARN_UNINITIALIZED_AUTOS = YES_AGGRESSIVE;
				GCC_WARN_UNUSED_FUNCTION = YES;
				GCC_WARN_UNUSED_VARIABLE = YES;
				IPHONEOS_DEPLOYMENT_TARGET = 11.2;
				MTL_ENABLE_DEBUG_INFO = YES;
				ONLY_ACTIVE_ARCH = YES;
				SDKROOT = iphoneos;
				SWIFT_ACTIVE_COMPILATION_CONDITIONS = DEBUG;
				SWIFT_OPTIMIZATION_LEVEL = "-Onone";
			};
			name = Debug;
		};
		BED58F921FE3A72F006A4E6D /* Release */ = {
			isa = XCBuildConfiguration;
			buildSettings = {
				ALWAYS_SEARCH_USER_PATHS = NO;
				CLANG_ANALYZER_NONNULL = YES;
				CLANG_ANALYZER_NUMBER_OBJECT_CONVERSION = YES_AGGRESSIVE;
				CLANG_CXX_LANGUAGE_STANDARD = "gnu++14";
				CLANG_CXX_LIBRARY = "libc++";
				CLANG_ENABLE_MODULES = YES;
				CLANG_ENABLE_OBJC_ARC = YES;
				CLANG_WARN_BLOCK_CAPTURE_AUTORELEASING = YES;
				CLANG_WARN_BOOL_CONVERSION = YES;
				CLANG_WARN_COMMA = YES;
				CLANG_WARN_CONSTANT_CONVERSION = YES;
				CLANG_WARN_DIRECT_OBJC_ISA_USAGE = YES_ERROR;
				CLANG_WARN_DOCUMENTATION_COMMENTS = YES;
				CLANG_WARN_EMPTY_BODY = YES;
				CLANG_WARN_ENUM_CONVERSION = YES;
				CLANG_WARN_INFINITE_RECURSION = YES;
				CLANG_WARN_INT_CONVERSION = YES;
				CLANG_WARN_NON_LITERAL_NULL_CONVERSION = YES;
				CLANG_WARN_OBJC_LITERAL_CONVERSION = YES;
				CLANG_WARN_OBJC_ROOT_CLASS = YES_ERROR;
				CLANG_WARN_RANGE_LOOP_ANALYSIS = YES;
				CLANG_WARN_STRICT_PROTOTYPES = YES;
				CLANG_WARN_SUSPICIOUS_MOVE = YES;
				CLANG_WARN_UNGUARDED_AVAILABILITY = YES_AGGRESSIVE;
				CLANG_WARN_UNREACHABLE_CODE = YES;
				CLANG_WARN__DUPLICATE_METHOD_MATCH = YES;
				CODE_SIGN_IDENTITY = "iPhone Developer";
				COPY_PHASE_STRIP = NO;
				DEBUG_INFORMATION_FORMAT = "dwarf-with-dsym";
				ENABLE_NS_ASSERTIONS = NO;
				ENABLE_STRICT_OBJC_MSGSEND = YES;
				GCC_C_LANGUAGE_STANDARD = gnu11;
				GCC_NO_COMMON_BLOCKS = YES;
				GCC_WARN_64_TO_32_BIT_CONVERSION = YES;
				GCC_WARN_ABOUT_RETURN_TYPE = YES_ERROR;
				GCC_WARN_UNDECLARED_SELECTOR = YES;
				GCC_WARN_UNINITIALIZED_AUTOS = YES_AGGRESSIVE;
				GCC_WARN_UNUSED_FUNCTION = YES;
				GCC_WARN_UNUSED_VARIABLE = YES;
				IPHONEOS_DEPLOYMENT_TARGET = 11.2;
				MTL_ENABLE_DEBUG_INFO = NO;
				SDKROOT = iphoneos;
				SWIFT_OPTIMIZATION_LEVEL = "-Owholemodule";
				VALIDATE_PRODUCT = YES;
			};
			name = Release;
		};
		BED58F941FE3A72F006A4E6D /* Debug */ = {
			isa = XCBuildConfiguration;
			baseConfigurationReference = EEFD1203D74AA29835CF8ED2 /* Pods-What.debug.xcconfig */;
			buildSettings = {
				ASSETCATALOG_COMPILER_APPICON_NAME = AppIcon;
				CODE_SIGN_STYLE = Automatic;
				DEVELOPMENT_TEAM = KUAEBUXT8R;
				INFOPLIST_FILE = What/Info.plist;
				IPHONEOS_DEPLOYMENT_TARGET = 11.1;
				LD_RUNPATH_SEARCH_PATHS = "$(inherited) @executable_path/Frameworks";
				PRODUCT_BUNDLE_IDENTIFIER = "Rui-Tang";
				PRODUCT_NAME = "$(TARGET_NAME)";
				SWIFT_VERSION = 4.0;
				TARGETED_DEVICE_FAMILY = "1,2";
			};
			name = Debug;
		};
		BED58F951FE3A72F006A4E6D /* Release */ = {
			isa = XCBuildConfiguration;
			baseConfigurationReference = 682C7520877870BC98A9CD1C /* Pods-What.release.xcconfig */;
			buildSettings = {
				ASSETCATALOG_COMPILER_APPICON_NAME = AppIcon;
				CODE_SIGN_STYLE = Automatic;
				DEVELOPMENT_TEAM = KUAEBUXT8R;
				INFOPLIST_FILE = What/Info.plist;
				IPHONEOS_DEPLOYMENT_TARGET = 11.1;
				LD_RUNPATH_SEARCH_PATHS = "$(inherited) @executable_path/Frameworks";
				PRODUCT_BUNDLE_IDENTIFIER = "Rui-Tang";
				PRODUCT_NAME = "$(TARGET_NAME)";
				SWIFT_VERSION = 4.0;
				TARGETED_DEVICE_FAMILY = "1,2";
			};
			name = Release;
		};
		BED58F971FE3A72F006A4E6D /* Debug */ = {
			isa = XCBuildConfiguration;
			buildSettings = {
				ALWAYS_EMBED_SWIFT_STANDARD_LIBRARIES = YES;
				BUNDLE_LOADER = "$(TEST_HOST)";
				CODE_SIGN_STYLE = Automatic;
				DEVELOPMENT_TEAM = KUAEBUXT8R;
				INFOPLIST_FILE = WhatTests/Info.plist;
				LD_RUNPATH_SEARCH_PATHS = "$(inherited) @executable_path/Frameworks @loader_path/Frameworks";
				PRODUCT_BUNDLE_IDENTIFIER = "-.WhatTests";
				PRODUCT_NAME = "$(TARGET_NAME)";
				SWIFT_VERSION = 4.0;
				TARGETED_DEVICE_FAMILY = "1,2";
				TEST_HOST = "$(BUILT_PRODUCTS_DIR)/What.app/What";
			};
			name = Debug;
		};
		BED58F981FE3A72F006A4E6D /* Release */ = {
			isa = XCBuildConfiguration;
			buildSettings = {
				ALWAYS_EMBED_SWIFT_STANDARD_LIBRARIES = YES;
				BUNDLE_LOADER = "$(TEST_HOST)";
				CODE_SIGN_STYLE = Automatic;
				DEVELOPMENT_TEAM = KUAEBUXT8R;
				INFOPLIST_FILE = WhatTests/Info.plist;
				LD_RUNPATH_SEARCH_PATHS = "$(inherited) @executable_path/Frameworks @loader_path/Frameworks";
				PRODUCT_BUNDLE_IDENTIFIER = "-.WhatTests";
				PRODUCT_NAME = "$(TARGET_NAME)";
				SWIFT_VERSION = 4.0;
				TARGETED_DEVICE_FAMILY = "1,2";
				TEST_HOST = "$(BUILT_PRODUCTS_DIR)/What.app/What";
			};
			name = Release;
		};
		BED58F9A1FE3A72F006A4E6D /* Debug */ = {
			isa = XCBuildConfiguration;
			buildSettings = {
				ALWAYS_EMBED_SWIFT_STANDARD_LIBRARIES = YES;
				CODE_SIGN_STYLE = Automatic;
				DEVELOPMENT_TEAM = KUAEBUXT8R;
				INFOPLIST_FILE = WhatUITests/Info.plist;
				LD_RUNPATH_SEARCH_PATHS = "$(inherited) @executable_path/Frameworks @loader_path/Frameworks";
				PRODUCT_BUNDLE_IDENTIFIER = "-.WhatUITests";
				PRODUCT_NAME = "$(TARGET_NAME)";
				SWIFT_VERSION = 4.0;
				TARGETED_DEVICE_FAMILY = "1,2";
				TEST_TARGET_NAME = What;
			};
			name = Debug;
		};
		BED58F9B1FE3A72F006A4E6D /* Release */ = {
			isa = XCBuildConfiguration;
			buildSettings = {
				ALWAYS_EMBED_SWIFT_STANDARD_LIBRARIES = YES;
				CODE_SIGN_STYLE = Automatic;
				DEVELOPMENT_TEAM = KUAEBUXT8R;
				INFOPLIST_FILE = WhatUITests/Info.plist;
				LD_RUNPATH_SEARCH_PATHS = "$(inherited) @executable_path/Frameworks @loader_path/Frameworks";
				PRODUCT_BUNDLE_IDENTIFIER = "-.WhatUITests";
				PRODUCT_NAME = "$(TARGET_NAME)";
				SWIFT_VERSION = 4.0;
				TARGETED_DEVICE_FAMILY = "1,2";
				TEST_TARGET_NAME = What;
			};
			name = Release;
		};
/* End XCBuildConfiguration section */

/* Begin XCConfigurationList section */
		BED58F661FE3A72F006A4E6D /* Build configuration list for PBXProject "What" */ = {
			isa = XCConfigurationList;
			buildConfigurations = (
				BED58F911FE3A72F006A4E6D /* Debug */,
				BED58F921FE3A72F006A4E6D /* Release */,
			);
			defaultConfigurationIsVisible = 0;
			defaultConfigurationName = Release;
		};
		BED58F931FE3A72F006A4E6D /* Build configuration list for PBXNativeTarget "What" */ = {
			isa = XCConfigurationList;
			buildConfigurations = (
				BED58F941FE3A72F006A4E6D /* Debug */,
				BED58F951FE3A72F006A4E6D /* Release */,
			);
			defaultConfigurationIsVisible = 0;
			defaultConfigurationName = Release;
		};
		BED58F961FE3A72F006A4E6D /* Build configuration list for PBXNativeTarget "WhatTests" */ = {
			isa = XCConfigurationList;
			buildConfigurations = (
				BED58F971FE3A72F006A4E6D /* Debug */,
				BED58F981FE3A72F006A4E6D /* Release */,
			);
			defaultConfigurationIsVisible = 0;
			defaultConfigurationName = Release;
		};
		BED58F991FE3A72F006A4E6D /* Build configuration list for PBXNativeTarget "WhatUITests" */ = {
			isa = XCConfigurationList;
			buildConfigurations = (
				BED58F9A1FE3A72F006A4E6D /* Debug */,
				BED58F9B1FE3A72F006A4E6D /* Release */,
			);
			defaultConfigurationIsVisible = 0;
			defaultConfigurationName = Release;
		};
/* End XCConfigurationList section */
	};
	rootObject = BED58F631FE3A72F006A4E6D /* Project object */;
}
